<?xml version="1.0" encoding="utf-8"?>
<Project ToolsVersion="4.0" xmlns="http://schemas.microsoft.com/developer/msbuild/2003">
  <ItemGroup>
    <Filter Include="Source Files">
      <UniqueIdentifier>{4FC737F1-C7A5-4376-A066-2A32D752A2FF}</UniqueIdentifier>
      <Extensions>cpp;c;cc;cxx;def;odl;idl;hpj;bat;asm;asmx</Extensions>
    </Filter>
    <Filter Include="Header Files">
      <UniqueIdentifier>{93995380-89BD-4b04-88EB-625FBE52EBFB}</UniqueIdentifier>
      <Extensions>h;hpp;hxx;hm;inl;inc;xsd</Extensions>
    </Filter>
    <Filter Include="Resource Files">
      <UniqueIdentifier>{67DA6AB6-F800-4c08-8B7A-83BB121AAD01}</UniqueIdentifier>
      <Extensions>rc;ico;cur;bmp;dlg;rc2;rct;bin;rgs;gif;jpg;jpeg;jpe;resx;tiff;tif;png;wav;mfcribbon-ms</Extensions>
    </Filter>
    <Filter Include="Dictionary">
      <UniqueIdentifier>{fe9b9e3e-f048-48b1-ae0b-718fc88cff49}</UniqueIdentifier>
    </Filter>
  </ItemGroup>
  <ItemGroup>
    <None Include="NoneIME.def">
      <Filter>Source Files</Filter>
    </None>
    <None Include="Dictionary\Boshiamy.txt">
      <Filter>Dictionary</Filter>
    </None>
    <None Include="Dictionary\Boshiamy-source.txt">
      <Filter>Dictionary</Filter>
    </None>
    <None Include="Dictionary\Boshiamy-GPL-3.0.txt">
      <Filter>Dictionary</Filter>
    </None>
    <None Include="Dictionary\Boshiamy-README.md">
      <Filter>Dictionary</Filter>
    </None>
    <None Include="Dictionary\build_boshiamy_table.ps1">
      <Filter>Dictionary</Filter>
    </None>
    <None Include="image\NoneIME.ico">
      <Filter>Resource Files</Filter>
    </None>
    <None Include="image\ImeModeOn.ico">
      <Filter>Resource Files</Filter>
    </None>
    <None Include="image\ImeModeOff.ico">
      <Filter>Resource Files</Filter>
    </None>
    <None Include="image\DoubleSingleByteOn.ico">
      <Filter>Resource Files</Filter>
    </None>
    <None Include="image\DoubleSingleByteOff.ico">
      <Filter>Resource Files</Filter>
    </None>
    <None Include="image\PunctuationOn.ico">
      <Filter>Resource Files</Filter>
    </None>
    <None Include="image\PunctuationOff.ico">
      <Filter>Resource Files</Filter>
    </None>
  </ItemGroup>
  <ItemGroup>
    <ClInclude Include="include\BaseDictionaryEngine.h">
      <Filter>Header Files</Filter>
    </ClInclude>
    <ClInclude Include="include\BaseWindow.h">
      <Filter>Header Files</Filter>
    </ClInclude>
    <ClInclude Include="include\ButtonWindow.h">
      <Filter>Header Files</Filter>
    </ClInclude>
    <ClInclude Include="include\CandidateWindow.h">
      <Filter>Header Files</Filter>
    </ClInclude>
    <ClInclude Include="include\Compartment.h">
      <Filter>Header Files</Filter>
    </ClInclude>
    <ClInclude Include="include\CompositionProcessorEngine.h">
      <Filter>Header Files</Filter>
    </ClInclude>
    <ClInclude Include="include\DictionaryParser.h">
      <Filter>Header Files</Filter>
    </ClInclude>
    <ClInclude Include="include\DictionarySearch.h">
      <Filter>Header Files</Filter>
    </ClInclude>
    <ClInclude Include="include\DisplayAttributeInfo.h">
      <Filter>Header Files</Filter>
    </ClInclude>
    <ClInclude Include="include\EditSession.h">
      <Filter>Header Files</Filter>
    </ClInclude>
    <ClInclude Include="include\EnumDisplayAttributeInfo.h">
      <Filter>Header Files</Filter>
    </ClInclude>
    <ClInclude Include="include\File.h">
      <Filter>Header Files</Filter>
    </ClInclude>
    <ClInclude Include="include\FileMapping.h">
      <Filter>Header Files</Filter>
    </ClInclude>
    <ClInclude Include="include\GetTextExtentEditSession.h">
      <Filter>Header Files</Filter>
    </ClInclude>
    <ClInclude Include="include\Globals.h">
      <Filter>Header Files</Filter>
    </ClInclude>
    <ClInclude Include="include\KeyHandlerEditSession.h">
      <Filter>Header Files</Filter>
    </ClInclude>
    <ClInclude Include="include\LanguageBar.h">
      <Filter>Header Files</Filter>
    </ClInclude>
    <ClInclude Include="include\Private.h">
      <Filter>Header Files</Filter>
    </ClInclude>
    <ClInclude Include="include\RegKey.h">
      <Filter>Header Files</Filter>
    </ClInclude>
    <ClInclude Include="include\resource.h">
      <Filter>Header Files</Filter>
    </ClInclude>
    <ClInclude Include="include\ScrollBarWindow.h">
      <Filter>Header Files</Filter>
    </ClInclude>
    <ClInclude Include="include\ShadowWindow.h">
      <Filter>Header Files</Filter>
    </ClInclude>
    <ClInclude Include="include\TableDictionaryEngine.h">
      <Filter>Header Files</Filter>
    </ClInclude>
    <ClInclude Include="include\TfInputProcessorProfile.h">
      <Filter>Header Files</Filter>
    </ClInclude>
    <ClInclude Include="include\TfTextLayoutSink.h">
      <Filter>Header Files</Filter>
    </ClInclude>
    <ClInclude Include="include\NoneIME.h">
      <Filter>Header Files</Filter>
    </ClInclude>
    <ClInclude Include="include\SearchCandidateProvider.h">
      <Filter>Header Files</Filter>
    </ClInclude>
    <ClInclude Include="include\TipCandidateList.h">
      <Filter>Header Files</Filter>
    </ClInclude>
    <ClInclude Include="include\EnumTfCandidates.h">
      <Filter>Header Files</Filter>
    </ClInclude>
    <ClInclude Include="include\TipCandidateString.h">
      <Filter>Header Files</Filter>
    </ClInclude>
    <ClInclude Include="include\KeyStateCategory.h">
      <Filter>Header Files</Filter>
    </ClInclude>
    <ClInclude Include="include\stdafx.h">
      <Filter>Header Files</Filter>
    </ClInclude>
    <ClInclude Include="include\CandidateListUIPresenter.h">
      <Filter>Header Files</Filter>
    </ClInclude>
    <ClInclude Include="include\NoneIMEBaseStructure.h">
      <Filter>Header Files</Filter>
    </ClInclude>
    <ClInclude Include="include\Define.h">
      <Filter>Header Files</Filter>
    </ClInclude>
  </ItemGroup>
  <ItemGroup>
    <ClCompile Include="src\ActiveLanguageProfileNotifySink.cpp">
      <Filter>Source Files</Filter>
    </ClCompile>
    <ClCompile Include="src\BaseDictionaryEngine.cpp">
      <Filter>Source Files</Filter>
    </ClCompile>
    <ClCompile Include="src\BaseWindow.cpp">
      <Filter>Source Files</Filter>
    </ClCompile>
    <ClCompile Include="src\ButtonWindow.cpp">
      <Filter>Source Files</Filter>
    </ClCompile>
    <ClCompile Include="src\CandidateWindow.cpp">
      <Filter>Source Files</Filter>
    </ClCompile>
    <ClCompile Include="src\Compartment.cpp">
      <Filter>Source Files</Filter>
    </ClCompile>
    <ClCompile Include="src\Composition.cpp">
      <Filter>Source Files</Filter>
    </ClCompile>
    <ClCompile Include="src\CompositionProcessorEngine.cpp">
      <Filter>Source Files</Filter>
    </ClCompile>
    <ClCompile Include="src\DictionaryParser.cpp">
      <Filter>Source Files</Filter>
    </ClCompile>
    <ClCompile Include="src\DictionarySearch.cpp">
      <Filter>Source Files</Filter>
    </ClCompile>
    <ClCompile Include="src\DisplayAttribute.cpp">
      <Filter>Source Files</Filter>
    </ClCompile>
    <ClCompile Include="src\DisplayAttributeInfo.cpp">
      <Filter>Source Files</Filter>
    </ClCompile>
    <ClCompile Include="src\DisplayAttributeProvider.cpp">
      <Filter>Source Files</Filter>
    </ClCompile>
    <ClCompile Include="src\DllMain.cpp">
      <Filter>Source Files</Filter>
    </ClCompile>
    <ClCompile Include="src\EditSession.cpp">
      <Filter>Source Files</Filter>
    </ClCompile>
    <ClCompile Include="src\EndComposition.cpp">
      <Filter>Source Files</Filter>
    </ClCompile>
    <ClCompile Include="src\EnumDisplayAttributeInfo.cpp">
      <Filter>Source Files</Filter>
    </ClCompile>
    <ClCompile Include="src\File.cpp">
      <Filter>Source Files</Filter>
    </ClCompile>
    <ClCompile Include="src\FileMapping.cpp">
      <Filter>Source Files</Filter>
    </ClCompile>
    <ClCompile Include="src\GetTextExtentEditSession.cpp">
      <Filter>Source Files</Filter>
    </ClCompile>
    <ClCompile Include="src\Globals.cpp">
      <Filter>Source Files</Filter>
    </ClCompile>
    <ClCompile Include="src\KeyEventSink.cpp">
      <Filter>Source Files</Filter>
    </ClCompile>
    <ClCompile Include="src\KeyHandler.cpp">
      <Filter>Source Files</Filter>
    </ClCompile>
    <ClCompile Include="src\KeyHandlerEditSession.cpp">
      <Filter>Source Files</Filter>
    </ClCompile>
    <ClCompile Include="src\LanguageBar.cpp">
      <Filter>Source Files</Filter>
    </ClCompile>
    <ClCompile Include="src\Register.cpp">
      <Filter>Source Files</Filter>
    </ClCompile>
    <ClCompile Include="src\RegKey.cpp">
      <Filter>Source Files</Filter>
    </ClCompile>
    <ClCompile Include="src\ScrollBarWindow.cpp">
      <Filter>Source Files</Filter>
    </ClCompile>
    <ClCompile Include="src\Server.cpp">
      <Filter>Source Files</Filter>
    </ClCompile>
    <ClCompile Include="src\ShadowWindow.cpp">
      <Filter>Source Files</Filter>
    </ClCompile>
    <ClCompile Include="src\StartComposition.cpp">
      <Filter>Source Files</Filter>
    </ClCompile>
    <ClCompile Include="src\TableDictionaryEngine.cpp">
      <Filter>Source Files</Filter>
    </ClCompile>
    <ClCompile Include="src\TextEditSink.cpp">
      <Filter>Source Files</Filter>
    </ClCompile>
    <ClCompile Include="src\TfInputProcessorProfile.cpp">
      <Filter>Source Files</Filter>
    </ClCompile>
    <ClCompile Include="src\TfTextLayoutSink.cpp">
      <Filter>Source Files</Filter>
    </ClCompile>
    <ClCompile Include="src\ThreadFocusSink.cpp">
      <Filter>Source Files</Filter>
    </ClCompile>
    <ClCompile Include="src\ThreadMgrEventSink.cpp">
      <Filter>Source Files</Filter>
    </ClCompile>
    <ClCompile Include="src\NoneIME.cpp">
      <Filter>Source Files</Filter>
    </ClCompile>
    <ClCompile Include="src\FunctionProviderSink.cpp">
      <Filter>Source Files</Filter>
    </ClCompile>
    <ClCompile Include="src\SearchCandidateProvider.cpp">
      <Filter>Source Files</Filter>
    </ClCompile>
    <ClCompile Include="src\TipCandidateList.cpp">
      <Filter>Source Files</Filter>
    </ClCompile>
    <ClCompile Include="src\EnumTfCandidates.cpp">
      <Filter>Source Files</Filter>
    </ClCompile>
    <ClCompile Include="src\TipCandidateString.cpp">
      <Filter>Source Files</Filter>
    </ClCompile>
    <ClCompile Include="src\KeyStateCategory.cpp">
      <Filter>Source Files</Filter>
    </ClCompile>
    <ClCompile Include="src\CandidateListUIPresenter.cpp">
      <Filter>Source Files</Filter>
    </ClCompile>
    <ClCompile Include="src\NoneIMEBaseStructure.cpp">
      <Filter>Source Files</Filter>
    </ClCompile>
  </ItemGroup>
  <ItemGroup>
    <ResourceCompile Include="NoneIME.rc">
      <Filter>Resource Files</Filter>
    </ResourceCompile>
  </ItemGroup>
</Project>